
Microsoft Visual Studio Solution File, Format Version 12.00
# Visual Studio Version 17
VisualStudioVersion = 17.11.35312.102
MinimumVisualStudioVersion = 10.0.40219.1
Project("{FAE04EC0-301F-11D3-BF4B-00C04F79EFBC}") = "BlazorApp1", "BlazorApp1\BlazorApp1.csproj", "{C585BCE4-75CE-4765-88D5-5B27D2E7B64F}"
EndProject
Project("{FAE04EC0-301F-11D3-BF4B-00C04F79EFBC}") = "BlackFinchGroupChallenge.AppHost", "BlackFinchGroupChallenge.AppHost\BlackFinchGroupChallenge.AppHost.csproj", "{E6F20333-1CE2-4CED-B182-7B8988CA9890}"
EndProject
Project("{FAE04EC0-301F-11D3-BF4B-00C04F79EFBC}") = "BlackFinchGroupChallenge.ServiceDefaults", "BlackFinchGroupChallenge.ServiceDefaults\BlackFinchGroupChallenge.ServiceDefaults.csproj", "{D170E29E-8DBF-4F60-BDA1-1CC23B2ECFB3}"
EndProject
Project("{FAE04EC0-301F-11D3-BF4B-00C04F79EFBC}") = "ApplicationApi", "ApplicationApi\ApplicationApi.csproj", "{54C09C88-79FD-4BA7-8DAD-9ECF253C7201}"
EndProject
Project("{FAE04EC0-301F-11D3-BF4B-00C04F79EFBC}") = "BlazorAppTests", "BlazorAppTests\BlazorAppTests.csproj", "{273B4A8D-9162-4291-979A-5036B56CA987}"
EndProject
Project("{FAE04EC0-301F-11D3-BF4B-00C04F79EFBC}") = "ApplicationApiTests", "ApplicationApiTests\ApplicationApiTests.csproj", "{03E0201D-627D-4834-BE93-6B333F5620BA}"
EndProject
Project("{FAE04EC0-301F-11D3-BF4B-00C04F79EFBC}") = "ApplicationDomain", "ApplicationDomain\ApplicationDomain.csproj", "{3010612B-7382-4C9F-A020-460490CD8512}"
EndProject
Project("{FAE04EC0-301F-11D3-BF4B-00C04F79EFBC}") = "ApplicationDomainTests", "ApplicationDomainTests\ApplicationDomainTests.csproj", "{C74890A2-19DF-4B53-9179-E53641EF6608}"
EndProject
Project("{FAE04EC0-301F-11D3-BF4B-00C04F79EFBC}") = "ChangeFeedFunctions", "ChangeFeedFunctions\ChangeFeedFunctions.csproj", "{B228655C-F935-4BD9-98D8-59CFDDFB1CC1}"
EndProject
Project("{FAE04EC0-301F-11D3-BF4B-00C04F79EFBC}") = "LoanDecisionApi", "LoanDecisionApi\LoanDecisionApi.csproj", "{F7E28FA0-B0A8-4E0B-AAD3-96A5DC02619D}"
EndProject
Project("{FAE04EC0-301F-11D3-BF4B-00C04F79EFBC}") = "LoanDecisionApiTests", "LoanDecisionApiTests\LoanDecisionApiTests.csproj", "{746A3FAE-BA73-4FD7-A622-14FA370565B3}"
EndProject
Project("{FAE04EC0-301F-11D3-BF4B-00C04F79EFBC}") = "ReportingApi", "ReportingApi\ReportingApi.csproj", "{DFBFBAFC-292A-4248-BB10-4E1519AE9D74}"
EndProject
Global
	GlobalSection(SolutionConfigurationPlatforms) = preSolution
		Debug|Any CPU = Debug|Any CPU
		Release|Any CPU = Release|Any CPU
	EndGlobalSection
	GlobalSection(ProjectConfigurationPlatforms) = postSolution
		{C585BCE4-75CE-4765-88D5-5B27D2E7B64F}.Debug|Any CPU.ActiveCfg = Debug|Any CPU
		{C585BCE4-75CE-4765-88D5-5B27D2E7B64F}.Debug|Any CPU.Build.0 = Debug|Any CPU
		{C585BCE4-75CE-4765-88D5-5B27D2E7B64F}.Release|Any CPU.ActiveCfg = Release|Any CPU
		{C585BCE4-75CE-4765-88D5-5B27D2E7B64F}.Release|Any CPU.Build.0 = Release|Any CPU
		{E6F20333-1CE2-4CED-B182-7B8988CA9890}.Debug|Any CPU.ActiveCfg = Debug|Any CPU
		{E6F20333-1CE2-4CED-B182-7B8988CA9890}.Debug|Any CPU.Build.0 = Debug|Any CPU
		{E6F20333-1CE2-4CED-B182-7B8988CA9890}.Release|Any CPU.ActiveCfg = Release|Any CPU
		{E6F20333-1CE2-4CED-B182-7B8988CA9890}.Release|Any CPU.Build.0 = Release|Any CPU
		{D170E29E-8DBF-4F60-BDA1-1CC23B2ECFB3}.Debug|Any CPU.ActiveCfg = Debug|Any CPU
		{D170E29E-8DBF-4F60-BDA1-1CC23B2ECFB3}.Debug|Any CPU.Build.0 = Debug|Any CPU
		{D170E29E-8DBF-4F60-BDA1-1CC23B2ECFB3}.Release|Any CPU.ActiveCfg = Release|Any CPU
		{D170E29E-8DBF-4F60-BDA1-1CC23B2ECFB3}.Release|Any CPU.Build.0 = Release|Any CPU
		{54C09C88-79FD-4BA7-8DAD-9ECF253C7201}.Debug|Any CPU.ActiveCfg = Debug|Any CPU
		{54C09C88-79FD-4BA7-8DAD-9ECF253C7201}.Debug|Any CPU.Build.0 = Debug|Any CPU
		{54C09C88-79FD-4BA7-8DAD-9ECF253C7201}.Release|Any CPU.ActiveCfg = Release|Any CPU
		{54C09C88-79FD-4BA7-8DAD-9ECF253C7201}.Release|Any CPU.Build.0 = Release|Any CPU
		{273B4A8D-9162-4291-979A-5036B56CA987}.Debug|Any CPU.ActiveCfg = Debug|Any CPU
		{273B4A8D-9162-4291-979A-5036B56CA987}.Debug|Any CPU.Build.0 = Debug|Any CPU
		{273B4A8D-9162-4291-979A-5036B56CA987}.Release|Any CPU.ActiveCfg = Release|Any CPU
		{273B4A8D-9162-4291-979A-5036B56CA987}.Release|Any CPU.Build.0 = Release|Any CPU
		{03E0201D-627D-4834-BE93-6B333F5620BA}.Debug|Any CPU.ActiveCfg = Debug|Any CPU
		{03E0201D-627D-4834-BE93-6B333F5620BA}.Debug|Any CPU.Build.0 = Debug|Any CPU
		{03E0201D-627D-4834-BE93-6B333F5620BA}.Release|Any CPU.ActiveCfg = Release|Any CPU
		{03E0201D-627D-4834-BE93-6B333F5620BA}.Release|Any CPU.Build.0 = Release|Any CPU
		{3010612B-7382-4C9F-A020-460490CD8512}.Debug|Any CPU.ActiveCfg = Debug|Any CPU
		{3010612B-7382-4C9F-A020-460490CD8512}.Debug|Any CPU.Build.0 = Debug|Any CPU
		{3010612B-7382-4C9F-A020-460490CD8512}.Release|Any CPU.ActiveCfg = Release|Any CPU
		{3010612B-7382-4C9F-A020-460490CD8512}.Release|Any CPU.Build.0 = Release|Any CPU
		{C74890A2-19DF-4B53-9179-E53641EF6608}.Debug|Any CPU.ActiveCfg = Debug|Any CPU
		{C74890A2-19DF-4B53-9179-E53641EF6608}.Debug|Any CPU.Build.0 = Debug|Any CPU
		{C74890A2-19DF-4B53-9179-E53641EF6608}.Release|Any CPU.ActiveCfg = Release|Any CPU
		{C74890A2-19DF-4B53-9179-E53641EF6608}.Release|Any CPU.Build.0 = Release|Any CPU
		{B228655C-F935-4BD9-98D8-59CFDDFB1CC1}.Debug|Any CPU.ActiveCfg = Debug|Any CPU
		{B228655C-F935-4BD9-98D8-59CFDDFB1CC1}.Debug|Any CPU.Build.0 = Debug|Any CPU
		{B228655C-F935-4BD9-98D8-59CFDDFB1CC1}.Release|Any CPU.ActiveCfg = Release|Any CPU
		{B228655C-F935-4BD9-98D8-59CFDDFB1CC1}.Release|Any CPU.Build.0 = Release|Any CPU
		{F7E28FA0-B0A8-4E0B-AAD3-96A5DC02619D}.Debug|Any CPU.ActiveCfg = Debug|Any CPU
		{F7E28FA0-B0A8-4E0B-AAD3-96A5DC02619D}.Debug|Any CPU.Build.0 = Debug|Any CPU
		{F7E28FA0-B0A8-4E0B-AAD3-96A5DC02619D}.Release|Any CPU.ActiveCfg = Release|Any CPU
		{F7E28FA0-B0A8-4E0B-AAD3-96A5DC02619D}.Release|Any CPU.Build.0 = Release|Any CPU
		{746A3FAE-BA73-4FD7-A622-14FA370565B3}.Debug|Any CPU.ActiveCfg = Debug|Any CPU
		{746A3FAE-BA73-4FD7-A622-14FA370565B3}.Debug|Any CPU.Build.0 = Debug|Any CPU
		{746A3FAE-BA73-4FD7-A622-14FA370565B3}.Release|Any CPU.ActiveCfg = Release|Any CPU
		{746A3FAE-BA73-4FD7-A622-14FA370565B3}.Release|Any CPU.Build.0 = Release|Any CPU
		{DFBFBAFC-292A-4248-BB10-4E1519AE9D74}.Debug|Any CPU.ActiveCfg = Debug|Any CPU
		{DFBFBAFC-292A-4248-BB10-4E1519AE9D74}.Debug|Any CPU.Build.0 = Debug|Any CPU
		{DFBFBAFC-292A-4248-BB10-4E1519AE9D74}.Release|Any CPU.ActiveCfg = Release|Any CPU
		{DFBFBAFC-292A-4248-BB10-4E1519AE9D74}.Release|Any CPU.Build.0 = Release|Any CPU
	EndGlobalSection
	GlobalSection(SolutionProperties) = preSolution
		HideSolutionNode = FALSE
	EndGlobalSection
	GlobalSection(ExtensibilityGlobals) = postSolution
		SolutionGuid = {BED2DAC1-BAD5-4445-843B-7C6E09B0E50C}
	EndGlobalSection
EndGlobal
